{
  "name": "my-new-project",
  "version": "0.1.0",
  "lockfileVersion": 1,
  "requires": true,
  "dependencies": {
    "@glennsl/bs-json": {
      "version": "5.0.1",
      "resolved": "https://registry.npmjs.org/@glennsl/bs-json/-/bs-json-5.0.1.tgz",
      "integrity": "sha512-tDxqeO4LCUz3HIwsdqyM4OIUk/bIV8QwDuhNbqy3hHIVEciePbJXTSyXMKsoIFs3ukQY8ZsQXskONtOK4TyLfA=="
    },
    "bs-moment": {
      "version": "0.4.4",
      "resolved": "https://registry.npmjs.org/bs-moment/-/bs-moment-0.4.4.tgz",
      "integrity": "sha512-fAcofbF1bTj6fuwk4cCZ0Teod75dhXPulnNhRwx7+PTtccNMdn35SCb98JxwrprQgCvoZircIgmu8nGLsOaqaA=="
    },
    "bs-platform": {
      "version": "5.0.6",
      "resolved": "https://registry.npmjs.org/bs-platform/-/bs-platform-5.0.6.tgz",
      "integrity": "sha512-6Boa2VEcWJp2WJr38L7bp3J929nYha7gDarjxb070jWzgfPJ/WbzjipmSfnu2eqqk1MfjEIpBipbPz6n1NISwA==",
      "dev": true
    },
    "moment": {
      "version": "2.24.0",
      "resolved": "https://registry.npmjs.org/moment/-/moment-2.24.0.tgz",
      "integrity": "sha512-bV7f+6l2QigeBBZSM/6yTNq4P2fNpSWj/0e7jQcy87A8e7o2nAfP/34/2ky5Vw4B9S446EtIhodAzkFCcR4dQg=="
    }
  }
}
